Microsoft Visual Studio Solution File, Format Version 12.00
# Visual Studio Version 17
VisualStudioVersion = 17.5.2.0
MinimumVisualStudioVersion = 10.0.40219.1
Project("{FAE04EC0-301F-11D3-BF4B-00C04F79EFBC}") = "noita-savescummer", "noita-savescummer.csproj", "{69E77C0C-423E-CDB0-7DFB-D0F5E9DDDD9F}"
EndProject
Global
	GlobalSection(SolutionConfigurationPlatforms) = preSolution
		Debug|Any CPU = Debug|Any CPU
		Release|Any CPU = Release|Any CPU
	EndGlobalSection
	GlobalSection(ProjectConfigurationPlatforms) = postSolution
		{69E77C0C-423E-CDB0-7DFB-D0F5E9DDDD9F}.Debug|Any CPU.ActiveCfg = Debug|Any CPU
		{69E77C0C-423E-CDB0-7DFB-D0F5E9DDDD9F}.Debug|Any CPU.Build.0 = Debug|Any CPU
		{69E77C0C-423E-CDB0-7DFB-D0F5E9DDDD9F}.Release|Any CPU.ActiveCfg = Release|Any CPU
		{69E77C0C-423E-CDB0-7DFB-D0F5E9DDDD9F}.Release|Any CPU.Build.0 = Release|Any CPU
	EndGlobalSection
	GlobalSection(SolutionProperties) = preSolution
		HideSolutionNode = FALSE
	EndGlobalSection
	GlobalSection(ExtensibilityGlobals) = postSolution
		SolutionGuid = {6F7CDCC6-9617-4DFA-9954-99CA41985640}
	EndGlobalSection
EndGlobal
